
Microsoft Visual Studio Solution File, Format Version 12.00
# Visual Studio Version 16
VisualStudioVersion = 16.0.31424.327
MinimumVisualStudioVersion = 10.0.40219.1
Project("{FAE04EC0-301F-11D3-BF4B-00C04F79EFBC}") = "Vishnu", "Vishnu\Vishnu.csproj", "{D0E1EAC9-794A-474B-8A1B-287AAFEDFB28}"
	ProjectSection(ProjectDependencies) = postProject
		{6037CF20-8389-47E8-8264-98D80AFE7F22} = {6037CF20-8389-47E8-8264-98D80AFE7F22}
		{6F97924D-0F3C-426D-BBD6-2D661B7F5E37} = {6F97924D-0F3C-426D-BBD6-2D661B7F5E37}
		{3FA04F4E-350A-4948-995E-70ABB8D4E2E6} = {3FA04F4E-350A-4948-995E-70ABB8D4E2E6}
		{4E564470-C6C4-4066-9505-00BF7BCC79D4} = {4E564470-C6C4-4066-9505-00BF7BCC79D4}
		{469B3F7D-72E3-4226-9E05-D4A2D6FF075A} = {469B3F7D-72E3-4226-9E05-D4A2D6FF075A}
		{B00EC9FC-EAB5-4A17-A25B-761DC8B65A3A} = {B00EC9FC-EAB5-4A17-A25B-761DC8B65A3A}
	EndProjectSection
EndProject
Project("{FAE04EC0-301F-11D3-BF4B-00C04F79EFBC}") = "Vishnu.WPF_UI", "WPF_UI\Vishnu.WPF_UI.csproj", "{7A5DCEFF-EBE8-46D0-8B49-704269FDBA34}"
EndProject
Project("{FAE04EC0-301F-11D3-BF4B-00C04F79EFBC}") = "LogicalTaskTree", "LogicalTaskTree\LogicalTaskTree.csproj", "{4AC4B58A-3BB3-418D-A204-917642A6963B}"
EndProject
Project("{FAE04EC0-301F-11D3-BF4B-00C04F79EFBC}") = "Vishnu.ViewModel", "ViewModel\Vishnu.ViewModel.csproj", "{33E12B9C-4869-42A0-8D8F-086C0871007B}"
EndProject
Project("{FAE04EC0-301F-11D3-BF4B-00C04F79EFBC}") = "Vishnu.Interchange", "Vishnu.Interchange\Vishnu.Interchange.csproj", "{96B1EBC8-9460-4061-9A8A-DEFA18A885CA}"
EndProject
Project("{2150E333-8FDC-42A3-9474-1A3956D46DE8}") = "DefaultNodeControls", "DefaultNodeControls", "{4BB575B5-0514-495F-BB1A-65A503E65215}"
EndProject
Project("{FAE04EC0-301F-11D3-BF4B-00C04F79EFBC}") = "SingleNodeUserControl", "DefaultNodeControls\SingleNodeUserControl\SingleNodeUserControl.csproj", "{4E564470-C6C4-4066-9505-00BF7BCC79D4}"
EndProject
Project("{FAE04EC0-301F-11D3-BF4B-00C04F79EFBC}") = "NodeListUserControl", "DefaultNodeControls\NodeListUserControl\NodeListUserControl.csproj", "{B00EC9FC-EAB5-4A17-A25B-761DC8B65A3A}"
EndProject
Project("{FAE04EC0-301F-11D3-BF4B-00C04F79EFBC}") = "JobListUserControl", "DefaultNodeControls\JobListUserControl\JobListUserControl.csproj", "{3FA04F4E-350A-4948-995E-70ABB8D4E2E6}"
EndProject
Project("{FAE04EC0-301F-11D3-BF4B-00C04F79EFBC}") = "SnapshotUserControl", "DefaultNodeControls\SnapshotUserControl\SnapshotUserControl.csproj", "{6F97924D-0F3C-426D-BBD6-2D661B7F5E37}"
EndProject
Project("{FAE04EC0-301F-11D3-BF4B-00C04F79EFBC}") = "ConstantNodeUserControl", "DefaultNodeControls\ConstantNodeUserControl\ConstantNodeUserControl.csproj", "{469B3F7D-72E3-4226-9E05-D4A2D6FF075A}"
EndProject
Project("{FAE04EC0-301F-11D3-BF4B-00C04F79EFBC}") = "JobConnectorUserControl", "DefaultNodeControls\JobConnectorUserControl\JobConnectorUserControl.csproj", "{6037CF20-8389-47E8-8264-98D80AFE7F22}"
EndProject
Project("{FAE04EC0-301F-11D3-BF4B-00C04F79EFBC}") = "VishnuWeb", "VishnuWeb\VishnuWeb.csproj", "{022735DE-8257-4350-AC9F-171DF29D7CCE}"
	ProjectSection(ProjectDependencies) = postProject
		{6037CF20-8389-47E8-8264-98D80AFE7F22} = {6037CF20-8389-47E8-8264-98D80AFE7F22}
		{6F97924D-0F3C-426D-BBD6-2D661B7F5E37} = {6F97924D-0F3C-426D-BBD6-2D661B7F5E37}
		{3FA04F4E-350A-4948-995E-70ABB8D4E2E6} = {3FA04F4E-350A-4948-995E-70ABB8D4E2E6}
		{4E564470-C6C4-4066-9505-00BF7BCC79D4} = {4E564470-C6C4-4066-9505-00BF7BCC79D4}
		{469B3F7D-72E3-4226-9E05-D4A2D6FF075A} = {469B3F7D-72E3-4226-9E05-D4A2D6FF075A}
		{B00EC9FC-EAB5-4A17-A25B-761DC8B65A3A} = {B00EC9FC-EAB5-4A17-A25B-761DC8B65A3A}
	EndProjectSection
EndProject
Global
	GlobalSection(SolutionConfigurationPlatforms) = preSolution
		Debug|Any CPU = Debug|Any CPU
		Release|Any CPU = Release|Any CPU
	EndGlobalSection
	GlobalSection(ProjectConfigurationPlatforms) = postSolution
		{D0E1EAC9-794A-474B-8A1B-287AAFEDFB28}.Debug|Any CPU.ActiveCfg = Debug|Any CPU
		{D0E1EAC9-794A-474B-8A1B-287AAFEDFB28}.Debug|Any CPU.Build.0 = Debug|Any CPU
		{D0E1EAC9-794A-474B-8A1B-287AAFEDFB28}.Release|Any CPU.ActiveCfg = Release|Any CPU
		{D0E1EAC9-794A-474B-8A1B-287AAFEDFB28}.Release|Any CPU.Build.0 = Release|Any CPU
		{7A5DCEFF-EBE8-46D0-8B49-704269FDBA34}.Debug|Any CPU.ActiveCfg = Debug|Any CPU
		{7A5DCEFF-EBE8-46D0-8B49-704269FDBA34}.Debug|Any CPU.Build.0 = Debug|Any CPU
		{7A5DCEFF-EBE8-46D0-8B49-704269FDBA34}.Release|Any CPU.ActiveCfg = Release|Any CPU
		{7A5DCEFF-EBE8-46D0-8B49-704269FDBA34}.Release|Any CPU.Build.0 = Release|Any CPU
		{4AC4B58A-3BB3-418D-A204-917642A6963B}.Debug|Any CPU.ActiveCfg = Debug|Any CPU
		{4AC4B58A-3BB3-418D-A204-917642A6963B}.Debug|Any CPU.Build.0 = Debug|Any CPU
		{4AC4B58A-3BB3-418D-A204-917642A6963B}.Release|Any CPU.ActiveCfg = Release|Any CPU
		{4AC4B58A-3BB3-418D-A204-917642A6963B}.Release|Any CPU.Build.0 = Release|Any CPU
		{33E12B9C-4869-42A0-8D8F-086C0871007B}.Debug|Any CPU.ActiveCfg = Debug|Any CPU
		{33E12B9C-4869-42A0-8D8F-086C0871007B}.Debug|Any CPU.Build.0 = Debug|Any CPU
		{33E12B9C-4869-42A0-8D8F-086C0871007B}.Release|Any CPU.ActiveCfg = Release|Any CPU
		{33E12B9C-4869-42A0-8D8F-086C0871007B}.Release|Any CPU.Build.0 = Release|Any CPU
		{96B1EBC8-9460-4061-9A8A-DEFA18A885CA}.Debug|Any CPU.ActiveCfg = Debug|Any CPU
		{96B1EBC8-9460-4061-9A8A-DEFA18A885CA}.Debug|Any CPU.Build.0 = Debug|Any CPU
		{96B1EBC8-9460-4061-9A8A-DEFA18A885CA}.Release|Any CPU.ActiveCfg = Release|Any CPU
		{96B1EBC8-9460-4061-9A8A-DEFA18A885CA}.Release|Any CPU.Build.0 = Release|Any CPU
		{4E564470-C6C4-4066-9505-00BF7BCC79D4}.Debug|Any CPU.ActiveCfg = Debug|Any CPU
		{4E564470-C6C4-4066-9505-00BF7BCC79D4}.Debug|Any CPU.Build.0 = Debug|Any CPU
		{4E564470-C6C4-4066-9505-00BF7BCC79D4}.Release|Any CPU.ActiveCfg = Release|Any CPU
		{4E564470-C6C4-4066-9505-00BF7BCC79D4}.Release|Any CPU.Build.0 = Release|Any CPU
		{B00EC9FC-EAB5-4A17-A25B-761DC8B65A3A}.Debug|Any CPU.ActiveCfg = Debug|Any CPU
		{B00EC9FC-EAB5-4A17-A25B-761DC8B65A3A}.Debug|Any CPU.Build.0 = Debug|Any CPU
		{B00EC9FC-EAB5-4A17-A25B-761DC8B65A3A}.Release|Any CPU.ActiveCfg = Release|Any CPU
		{B00EC9FC-EAB5-4A17-A25B-761DC8B65A3A}.Release|Any CPU.Build.0 = Release|Any CPU
		{3FA04F4E-350A-4948-995E-70ABB8D4E2E6}.Debug|Any CPU.ActiveCfg = Debug|Any CPU
		{3FA04F4E-350A-4948-995E-70ABB8D4E2E6}.Debug|Any CPU.Build.0 = Debug|Any CPU
		{3FA04F4E-350A-4948-995E-70ABB8D4E2E6}.Release|Any CPU.ActiveCfg = Release|Any CPU
		{3FA04F4E-350A-4948-995E-70ABB8D4E2E6}.Release|Any CPU.Build.0 = Release|Any CPU
		{6F97924D-0F3C-426D-BBD6-2D661B7F5E37}.Debug|Any CPU.ActiveCfg = Debug|Any CPU
		{6F97924D-0F3C-426D-BBD6-2D661B7F5E37}.Debug|Any CPU.Build.0 = Debug|Any CPU
		{6F97924D-0F3C-426D-BBD6-2D661B7F5E37}.Release|Any CPU.ActiveCfg = Release|Any CPU
		{6F97924D-0F3C-426D-BBD6-2D661B7F5E37}.Release|Any CPU.Build.0 = Release|Any CPU
		{469B3F7D-72E3-4226-9E05-D4A2D6FF075A}.Debug|Any CPU.ActiveCfg = Debug|Any CPU
		{469B3F7D-72E3-4226-9E05-D4A2D6FF075A}.Debug|Any CPU.Build.0 = Debug|Any CPU
		{469B3F7D-72E3-4226-9E05-D4A2D6FF075A}.Release|Any CPU.ActiveCfg = Release|Any CPU
		{469B3F7D-72E3-4226-9E05-D4A2D6FF075A}.Release|Any CPU.Build.0 = Release|Any CPU
		{6037CF20-8389-47E8-8264-98D80AFE7F22}.Debug|Any CPU.ActiveCfg = Debug|Any CPU
		{6037CF20-8389-47E8-8264-98D80AFE7F22}.Debug|Any CPU.Build.0 = Debug|Any CPU
		{6037CF20-8389-47E8-8264-98D80AFE7F22}.Release|Any CPU.ActiveCfg = Release|Any CPU
		{6037CF20-8389-47E8-8264-98D80AFE7F22}.Release|Any CPU.Build.0 = Release|Any CPU
		{022735DE-8257-4350-AC9F-171DF29D7CCE}.Debug|Any CPU.ActiveCfg = Debug|Any CPU
		{022735DE-8257-4350-AC9F-171DF29D7CCE}.Debug|Any CPU.Build.0 = Debug|Any CPU
		{022735DE-8257-4350-AC9F-171DF29D7CCE}.Release|Any CPU.ActiveCfg = Release|Any CPU
		{022735DE-8257-4350-AC9F-171DF29D7CCE}.Release|Any CPU.Build.0 = Release|Any CPU
	EndGlobalSection
	GlobalSection(SolutionProperties) = preSolution
		HideSolutionNode = FALSE
	EndGlobalSection
	GlobalSection(NestedProjects) = preSolution
		{4E564470-C6C4-4066-9505-00BF7BCC79D4} = {4BB575B5-0514-495F-BB1A-65A503E65215}
		{B00EC9FC-EAB5-4A17-A25B-761DC8B65A3A} = {4BB575B5-0514-495F-BB1A-65A503E65215}
		{3FA04F4E-350A-4948-995E-70ABB8D4E2E6} = {4BB575B5-0514-495F-BB1A-65A503E65215}
		{6F97924D-0F3C-426D-BBD6-2D661B7F5E37} = {4BB575B5-0514-495F-BB1A-65A503E65215}
		{469B3F7D-72E3-4226-9E05-D4A2D6FF075A} = {4BB575B5-0514-495F-BB1A-65A503E65215}
		{6037CF20-8389-47E8-8264-98D80AFE7F22} = {4BB575B5-0514-495F-BB1A-65A503E65215}
	EndGlobalSection
	GlobalSection(ExtensibilityGlobals) = postSolution
		SolutionGuid = {5F86B77B-D363-4A89-8F76-707225D7D86C}
	EndGlobalSection
EndGlobal
