
Microsoft Visual Studio Solution File, Format Version 12.00
# Visual Studio Version 17
VisualStudioVersion = 17.5.33424.131
MinimumVisualStudioVersion = 10.0.40219.1
Project("{FAE04EC0-301F-11D3-BF4B-00C04F79EFBC}") = "SingleNodeUserControl", "SingleNodeUserControl\SingleNodeUserControl.csproj", "{C30BDCB0-C8FD-48C8-8E62-96489FB96FD7}"
EndProject
Project("{FAE04EC0-301F-11D3-BF4B-00C04F79EFBC}") = "SingleNodeUserControlDemo", "SingleNodeUserControlDemo\SingleNodeUserControlDemo.csproj", "{F0C26061-C5C5-4681-A0EE-8A1B4BE47DC2}"
EndProject
Global
	GlobalSection(SolutionConfigurationPlatforms) = preSolution
		Debug|Any CPU = Debug|Any CPU
		Release|Any CPU = Release|Any CPU
	EndGlobalSection
	GlobalSection(ProjectConfigurationPlatforms) = postSolution
		{C30BDCB0-C8FD-48C8-8E62-96489FB96FD7}.Debug|Any CPU.ActiveCfg = Debug|Any CPU
		{C30BDCB0-C8FD-48C8-8E62-96489FB96FD7}.Debug|Any CPU.Build.0 = Debug|Any CPU
		{C30BDCB0-C8FD-48C8-8E62-96489FB96FD7}.Release|Any CPU.ActiveCfg = Release|Any CPU
		{C30BDCB0-C8FD-48C8-8E62-96489FB96FD7}.Release|Any CPU.Build.0 = Release|Any CPU
		{F0C26061-C5C5-4681-A0EE-8A1B4BE47DC2}.Debug|Any CPU.ActiveCfg = Debug|Any CPU
		{F0C26061-C5C5-4681-A0EE-8A1B4BE47DC2}.Debug|Any CPU.Build.0 = Debug|Any CPU
		{F0C26061-C5C5-4681-A0EE-8A1B4BE47DC2}.Release|Any CPU.ActiveCfg = Release|Any CPU
		{F0C26061-C5C5-4681-A0EE-8A1B4BE47DC2}.Release|Any CPU.Build.0 = Release|Any CPU
	EndGlobalSection
	GlobalSection(SolutionProperties) = preSolution
		HideSolutionNode = FALSE
	EndGlobalSection
	GlobalSection(ExtensibilityGlobals) = postSolution
		SolutionGuid = {D8C76B70-D891-4E44-973F-EEB62F450C0B}
	EndGlobalSection
EndGlobal
