
Microsoft Visual Studio Solution File, Format Version 12.00
# Visual Studio Version 17
VisualStudioVersion = 17.5.33424.131
MinimumVisualStudioVersion = 10.0.40219.1
Project("{FAE04EC0-301F-11D3-BF4B-00C04F79EFBC}") = "ConstantNodeUserControl", "ConstantNodeUserControl\ConstantNodeUserControl.csproj", "{8D1C5355-C92C-4DCE-982B-B907A2004927}"
EndProject
Project("{FAE04EC0-301F-11D3-BF4B-00C04F79EFBC}") = "ConstantNodeUserControlDemo", "ConstantNodeUserControlDemo\ConstantNodeUserControlDemo.csproj", "{90EF66CE-9A31-42AF-8C0F-14775B5536BF}"
EndProject
Global
	GlobalSection(SolutionConfigurationPlatforms) = preSolution
		Debug|Any CPU = Debug|Any CPU
		Release|Any CPU = Release|Any CPU
	EndGlobalSection
	GlobalSection(ProjectConfigurationPlatforms) = postSolution
		{8D1C5355-C92C-4DCE-982B-B907A2004927}.Debug|Any CPU.ActiveCfg = Debug|Any CPU
		{8D1C5355-C92C-4DCE-982B-B907A2004927}.Debug|Any CPU.Build.0 = Debug|Any CPU
		{8D1C5355-C92C-4DCE-982B-B907A2004927}.Release|Any CPU.ActiveCfg = Release|Any CPU
		{8D1C5355-C92C-4DCE-982B-B907A2004927}.Release|Any CPU.Build.0 = Release|Any CPU
		{90EF66CE-9A31-42AF-8C0F-14775B5536BF}.Debug|Any CPU.ActiveCfg = Debug|Any CPU
		{90EF66CE-9A31-42AF-8C0F-14775B5536BF}.Debug|Any CPU.Build.0 = Debug|Any CPU
		{90EF66CE-9A31-42AF-8C0F-14775B5536BF}.Release|Any CPU.ActiveCfg = Release|Any CPU
		{90EF66CE-9A31-42AF-8C0F-14775B5536BF}.Release|Any CPU.Build.0 = Release|Any CPU
	EndGlobalSection
	GlobalSection(SolutionProperties) = preSolution
		HideSolutionNode = FALSE
	EndGlobalSection
	GlobalSection(ExtensibilityGlobals) = postSolution
		SolutionGuid = {901D63EC-3894-4AE7-8C76-E10E6D599017}
	EndGlobalSection
EndGlobal
